
Microsoft Visual Studio Solution File, Format Version 12.00
# Visual Studio 15
VisualStudioVersion = 15.0.27703.2035
MinimumVisualStudioVersion = 10.0.40219.1
Project("{8BC9CEB8-8B4A-11D0-8D11-00A0C91BC942}") = "ConsoleApplication2", "ConsoleApplication2\ConsoleApplication2.vcxproj", "{AEBB9D58-27C9-4E5A-94B5-53079E3A368A}"
EndProject
Global
	GlobalSection(SolutionConfigurationPlatforms) = preSolution
		Debug|x64 = Debug|x64
		Debug|x86 = Debug|x86
		Release|x64 = Release|x64
		Release|x86 = Release|x86
	EndGlobalSection
	GlobalSection(ProjectConfigurationPlatforms) = postSolution
		{AEBB9D58-27C9-4E5A-94B5-53079E3A368A}.Debug|x64.ActiveCfg = Debug|x64
		{AEBB9D58-27C9-4E5A-94B5-53079E3A368A}.Debug|x64.Build.0 = Debug|x64
		{AEBB9D58-27C9-4E5A-94B5-53079E3A368A}.Debug|x86.ActiveCfg = Debug|x64
		{AEBB9D58-27C9-4E5A-94B5-53079E3A368A}.Debug|x86.Build.0 = Debug|x64
		{AEBB9D58-27C9-4E5A-94B5-53079E3A368A}.Release|x64.ActiveCfg = Release|x64
		{AEBB9D58-27C9-4E5A-94B5-53079E3A368A}.Release|x64.Build.0 = Release|x64
		{AEBB9D58-27C9-4E5A-94B5-53079E3A368A}.Release|x86.ActiveCfg = Release|Win32
		{AEBB9D58-27C9-4E5A-94B5-53079E3A368A}.Release|x86.Build.0 = Release|Win32
	EndGlobalSection
	GlobalSection(SolutionProperties) = preSolution
		HideSolutionNode = FALSE
	EndGlobalSection
	GlobalSection(ExtensibilityGlobals) = postSolution
		SolutionGuid = {D021FD93-D71D-429B-B348-30D7B38BF259}
	EndGlobalSection
EndGlobal
